
Microsoft Visual Studio Solution File, Format Version 12.00
Project("{2150E333-8FDC-42A3-9474-1A3956D46DE8}") = "ApiGateways", "ApiGateways", "{57234766-E51B-4AC8-A8A7-69ACD03C0815}"
EndProject
Project("{2150E333-8FDC-42A3-9474-1A3956D46DE8}") = "Services", "Services", "{1F515DCF-67AD-4489-A13B-3FB02482F5BB}"
EndProject
Project("{2150E333-8FDC-42A3-9474-1A3956D46DE8}") = "Libraries", "Libraries", "{B7E62BC7-2C26-4B46-8060-BF85086D9111}"
EndProject
Project("{2150E333-8FDC-42A3-9474-1A3956D46DE8}") = "Identity", "Identity", "{B1C361C4-C9C5-4611-9C31-B773E0FA6616}"
EndProject
Project("{FAE04EC0-301F-11D3-BF4B-00C04F79EFBC}") = "Identity.API", "Identity.API\Identity.API.csproj", "{F35F7CBA-18D2-47F4-9CDC-F4F9CCEEF7DE}"
EndProject
Project("{FAE04EC0-301F-11D3-BF4B-00C04F79EFBC}") = "Utilities", "Utilities\Utilities.csproj", "{2965F429-B947-4F20-A84F-F3B405BCC3BC}"
EndProject
Project("{2150E333-8FDC-42A3-9474-1A3956D46DE8}") = "ServiceTests", "ServiceTests", "{ED935E0F-4171-4C51-9F25-D593D153CFB7}"
EndProject
Project("{FAE04EC0-301F-11D3-BF4B-00C04F79EFBC}") = "Identity.Test", "Identity.Test\Identity.Test.csproj", "{E56B0F40-2619-4952-A365-75E9859CC076}"
EndProject
Project("{FAE04EC0-301F-11D3-BF4B-00C04F79EFBC}") = "WebGateWay", "WebGateWay\WebGateWay.csproj", "{96CAA09B-EBB7-4E69-ACCF-D772B315EA1E}"
EndProject
Project("{2150E333-8FDC-42A3-9474-1A3956D46DE8}") = "Financial", "Financial", "{BB7989BF-62F9-40FA-9BE9-682A650E3657}"
EndProject
Project("{FAE04EC0-301F-11D3-BF4B-00C04F79EFBC}") = "Financial.API", "Financial.API\Financial.API.csproj", "{98253FE6-DFC8-4CDB-A24D-C715A801A1C6}"
EndProject
Project("{FAE04EC0-301F-11D3-BF4B-00C04F79EFBC}") = "ModelValidators", "ModelValidators\ModelValidators.csproj", "{B9636F91-25AD-491A-9B5B-44F9C71CE9E7}"
EndProject
Project("{FAE04EC0-301F-11D3-BF4B-00C04F79EFBC}") = "Financial.Test", "Financial.Test\Financial.Test.csproj", "{57A38A88-2B6A-4D5D-874B-673004A52BB0}"
EndProject
Global
	GlobalSection(SolutionConfigurationPlatforms) = preSolution
		Debug|Any CPU = Debug|Any CPU
		Release|Any CPU = Release|Any CPU
	EndGlobalSection
	GlobalSection(ProjectConfigurationPlatforms) = postSolution
		{F35F7CBA-18D2-47F4-9CDC-F4F9CCEEF7DE}.Debug|Any CPU.ActiveCfg = Debug|Any CPU
		{F35F7CBA-18D2-47F4-9CDC-F4F9CCEEF7DE}.Debug|Any CPU.Build.0 = Debug|Any CPU
		{F35F7CBA-18D2-47F4-9CDC-F4F9CCEEF7DE}.Release|Any CPU.ActiveCfg = Release|Any CPU
		{F35F7CBA-18D2-47F4-9CDC-F4F9CCEEF7DE}.Release|Any CPU.Build.0 = Release|Any CPU
		{2965F429-B947-4F20-A84F-F3B405BCC3BC}.Debug|Any CPU.ActiveCfg = Debug|Any CPU
		{2965F429-B947-4F20-A84F-F3B405BCC3BC}.Debug|Any CPU.Build.0 = Debug|Any CPU
		{2965F429-B947-4F20-A84F-F3B405BCC3BC}.Release|Any CPU.ActiveCfg = Release|Any CPU
		{2965F429-B947-4F20-A84F-F3B405BCC3BC}.Release|Any CPU.Build.0 = Release|Any CPU
		{E56B0F40-2619-4952-A365-75E9859CC076}.Debug|Any CPU.ActiveCfg = Debug|Any CPU
		{E56B0F40-2619-4952-A365-75E9859CC076}.Debug|Any CPU.Build.0 = Debug|Any CPU
		{E56B0F40-2619-4952-A365-75E9859CC076}.Release|Any CPU.ActiveCfg = Release|Any CPU
		{E56B0F40-2619-4952-A365-75E9859CC076}.Release|Any CPU.Build.0 = Release|Any CPU
		{96CAA09B-EBB7-4E69-ACCF-D772B315EA1E}.Debug|Any CPU.ActiveCfg = Debug|Any CPU
		{96CAA09B-EBB7-4E69-ACCF-D772B315EA1E}.Debug|Any CPU.Build.0 = Debug|Any CPU
		{96CAA09B-EBB7-4E69-ACCF-D772B315EA1E}.Release|Any CPU.ActiveCfg = Release|Any CPU
		{96CAA09B-EBB7-4E69-ACCF-D772B315EA1E}.Release|Any CPU.Build.0 = Release|Any CPU
		{98253FE6-DFC8-4CDB-A24D-C715A801A1C6}.Debug|Any CPU.ActiveCfg = Debug|Any CPU
		{98253FE6-DFC8-4CDB-A24D-C715A801A1C6}.Debug|Any CPU.Build.0 = Debug|Any CPU
		{98253FE6-DFC8-4CDB-A24D-C715A801A1C6}.Release|Any CPU.ActiveCfg = Release|Any CPU
		{98253FE6-DFC8-4CDB-A24D-C715A801A1C6}.Release|Any CPU.Build.0 = Release|Any CPU
		{B9636F91-25AD-491A-9B5B-44F9C71CE9E7}.Debug|Any CPU.ActiveCfg = Debug|Any CPU
		{B9636F91-25AD-491A-9B5B-44F9C71CE9E7}.Debug|Any CPU.Build.0 = Debug|Any CPU
		{B9636F91-25AD-491A-9B5B-44F9C71CE9E7}.Release|Any CPU.ActiveCfg = Release|Any CPU
		{B9636F91-25AD-491A-9B5B-44F9C71CE9E7}.Release|Any CPU.Build.0 = Release|Any CPU
		{57A38A88-2B6A-4D5D-874B-673004A52BB0}.Debug|Any CPU.ActiveCfg = Debug|Any CPU
		{57A38A88-2B6A-4D5D-874B-673004A52BB0}.Debug|Any CPU.Build.0 = Debug|Any CPU
		{57A38A88-2B6A-4D5D-874B-673004A52BB0}.Release|Any CPU.ActiveCfg = Release|Any CPU
		{57A38A88-2B6A-4D5D-874B-673004A52BB0}.Release|Any CPU.Build.0 = Release|Any CPU
	EndGlobalSection
	GlobalSection(NestedProjects) = preSolution
		{B1C361C4-C9C5-4611-9C31-B773E0FA6616} = {1F515DCF-67AD-4489-A13B-3FB02482F5BB}
		{F35F7CBA-18D2-47F4-9CDC-F4F9CCEEF7DE} = {B1C361C4-C9C5-4611-9C31-B773E0FA6616}
		{2965F429-B947-4F20-A84F-F3B405BCC3BC} = {B7E62BC7-2C26-4B46-8060-BF85086D9111}
		{E56B0F40-2619-4952-A365-75E9859CC076} = {ED935E0F-4171-4C51-9F25-D593D153CFB7}
		{96CAA09B-EBB7-4E69-ACCF-D772B315EA1E} = {57234766-E51B-4AC8-A8A7-69ACD03C0815}
		{BB7989BF-62F9-40FA-9BE9-682A650E3657} = {1F515DCF-67AD-4489-A13B-3FB02482F5BB}
		{98253FE6-DFC8-4CDB-A24D-C715A801A1C6} = {BB7989BF-62F9-40FA-9BE9-682A650E3657}
		{B9636F91-25AD-491A-9B5B-44F9C71CE9E7} = {B7E62BC7-2C26-4B46-8060-BF85086D9111}
		{57A38A88-2B6A-4D5D-874B-673004A52BB0} = {ED935E0F-4171-4C51-9F25-D593D153CFB7}
	EndGlobalSection
EndGlobal
